// !$*UTF8*$!
{
	archiveVersion = 1;
	classes = {
	};
	objectVersion = 46;
	objects = {

/* Begin PBXBuildFile section */
		F2BD65A91BDA2B9200D189F3 /* blackLine.png in Resources */ = {isa = PBXBuildFile; fileRef = F2BD65A81BDA2B9200D189F3 /* blackLine.png */; };
		F2CB0BBA1BD9539D00432562 /* main.m in Sources */ = {isa = PBXBuildFile; fileRef = F2CB0BB91BD9539D00432562 /* main.m */; };
		F2CB0BBD1BD9539D00432562 /* AppDelegate.m in Sources */ = {isa = PBXBuildFile; fileRef = F2CB0BBC1BD9539D00432562 /* AppDelegate.m */; };
		F2CB0BC01BD9539D00432562 /* ViewController.m in Sources */ = {isa = PBXBuildFile; fileRef = F2CB0BBF1BD9539D00432562 /* ViewController.m */; };
		F2CB0BC31BD9539D00432562 /* Main.storyboard in Resources */ = {isa = PBXBuildFile; fileRef = F2CB0BC11BD9539D00432562 /* Main.storyboard */; };
		F2CB0BC51BD9539D00432562 /* Assets.xcassets in Resources */ = {isa = PBXBuildFile; fileRef = F2CB0BC41BD9539D00432562 /* Assets.xcassets */; };
		F2CB0BC81BD9539D00432562 /* LaunchScreen.storyboard in Resources */ = {isa = PBXBuildFile; fileRef = F2CB0BC61BD9539D00432562 /* LaunchScreen.storyboard */; };
		F2CB0BD31BD9539D00432562 /* SignatureAppTests.m in Sources */ = {isa = PBXBuildFile; fileRef = F2CB0BD21BD9539D00432562 /* SignatureAppTests.m */; };
		F2CB0BDE1BD9544700432562 /* UIKit.framework in Frameworks */ = {isa = PBXBuildFile; fileRef = F2CB0BDD1BD9544700432562 /* UIKit.framework */; };
		F2CB0BE01BD9544F00432562 /* Foundation.framework in Frameworks */ = {isa = PBXBuildFile; fileRef = F2CB0BDF1BD9544F00432562 /* Foundation.framework */; };
		F2CB0BE21BD9545900432562 /* CoreGraphics.framework in Frameworks */ = {isa = PBXBuildFile; fileRef = F2CB0BE11BD9545900432562 /* CoreGraphics.framework */; };
/* End PBXBuildFile section */

/* Begin PBXContainerItemProxy section */
		F2CB0BCF1BD9539D00432562 /* PBXContainerItemProxy */ = {
			isa = PBXContainerItemProxy;
			containerPortal = F2CB0BAD1BD9539C00432562 /* Project object */;
			proxyType = 1;
			remoteGlobalIDString = F2CB0BB41BD9539D00432562;
			remoteInfo = SignatureApp;
		};
/* End PBXContainerItemProxy section */

/* Begin PBXFileReference section */
		F2BD65A81BDA2B9200D189F3 /* blackLine.png */ = {isa = PBXFileReference; lastKnownFileType = image.png; path = blackLine.png; sourceTree = "<group>"; };
		F2CB0BB51BD9539D00432562 /* SignatureApp.app */ = {isa = PBXFileReference; explicitFileType = wrapper.application; includeInIndex = 0; path = SignatureApp.app; sourceTree = BUILT_PRODUCTS_DIR; };
		F2CB0BB91BD9539D00432562 /* main.m */ = {isa = PBXFileReference; lastKnownFileType = sourcecode.c.objc; path = main.m; sourceTree = "<group>"; };
		F2CB0BBB1BD9539D00432562 /* AppDelegate.h */ = {isa = PBXFileReference; lastKnownFileType = sourcecode.c.h; path = AppDelegate.h; sourceTree = "<group>"; };
		F2CB0BBC1BD9539D00432562 /* AppDelegate.m */ = {isa = PBXFileReference; lastKnownFileType = sourcecode.c.objc; path = AppDelegate.m; sourceTree = "<group>"; };
		F2CB0BBE1BD9539D00432562 /* ViewController.h */ = {isa = PBXFileReference; lastKnownFileType = sourcecode.c.h; path = ViewController.h; sourceTree = "<group>"; };
		F2CB0BBF1BD9539D00432562 /* ViewController.m */ = {isa = PBXFileReference; lastKnownFileType = sourcecode.c.objc; path = ViewController.m; sourceTree = "<group>"; };
		F2CB0BC21BD9539D00432562 /* Base */ = {isa = PBXFileReference; lastKnownFileType = file.storyboard; name = Base; path = Base.lproj/Main.storyboard; sourceTree = "<group>"; };
		F2CB0BC41BD9539D00432562 /* Assets.xcassets */ = {isa = PBXFileReference; lastKnownFileType = folder.assetcatalog; path = Assets.xcassets; sourceTree = "<group>"; };
		F2CB0BC71BD9539D00432562 /* Base */ = {isa = PBXFileReference; lastKnownFileType = file.storyboard; name = Base; path = Base.lproj/LaunchScreen.storyboard; sourceTree = "<group>"; };
		F2CB0BC91BD9539D00432562 /* Info.plist */ = {isa = PBXFileReference; lastKnownFileType = text.plist.xml; path = Info.plist; sourceTree = "<group>"; };
		F2CB0BCE1BD9539D00432562 /* SignatureAppTests.xctest */ = {isa = PBXFileReference; explicitFileType = wrapper.cfbundle; includeInIndex = 0; path = SignatureAppTests.xctest; sourceTree = BUILT_PRODUCTS_DIR; };
		F2CB0BD21BD9539D00432562 /* SignatureAppTests.m */ = {isa = PBXFileReference; lastKnownFileType = sourcecode.c.objc; path = SignatureAppTests.m; sourceTree = "<group>"; };
		F2CB0BD41BD9539D00432562 /* Info.plist */ = {isa = PBXFileReference; lastKnownFileType = text.plist.xml; path = Info.plist; sourceTree = "<group>"; };
		F2CB0BDD1BD9544700432562 /* UIKit.framework */ = {isa = PBXFileReference; lastKnownFileType = wrapper.framework; name = UIKit.framework; path = System/Library/Frameworks/UIKit.framework; sourceTree = SDKROOT; };
		F2CB0BDF1BD9544F00432562 /* Foundation.framework */ = {isa = PBXFileReference; lastKnownFileType = wrapper.framework; name = Foundation.framework; path = System/Library/Frameworks/Foundation.framework; sourceTree = SDKROOT; };
		F2CB0BE11BD9545900432562 /* CoreGraphics.framework */ = {isa = PBXFileReference; lastKnownFileType = wrapper.framework; name = CoreGraphics.framework; path = System/Library/Frameworks/CoreGraphics.framework; sourceTree = SDKROOT; };
/* End PBXFileReference section */

/* Begin PBXFrameworksBuildPhase section */
		F2CB0BB21BD9539D00432562 /* Frameworks */ = {
			isa = PBXFrameworksBuildPhase;
			buildActionMask = 2147483647;
			files = (
				F2CB0BE21BD9545900432562 /* CoreGraphics.framework in Frameworks */,
				F2CB0BE01BD9544F00432562 /* Foundation.framework in Frameworks */,
				F2CB0BDE1BD9544700432562 /* UIKit.framework in Frameworks */,
			);
			runOnlyForDeploymentPostprocessing = 0;
		};
		F2CB0BCB1BD9539D00432562 /* Frameworks */ = {
			isa = PBXFrameworksBuildPhase;
			buildActionMask = 2147483647;
			files = (
			);
			runOnlyForDeploymentPostprocessing = 0;
		};
/* End PBXFrameworksBuildPhase section */

/* Begin PBXGroup section */
		F2CB0BAC1BD9539C00432562 = {
			isa = PBXGroup;
			children = (
				F2CB0BE31BD9547A00432562 /* Frameworks */,
				F2CB0BB71BD9539D00432562 /* SignatureApp */,
				F2CB0BD11BD9539D00432562 /* SignatureAppTests */,
				F2CB0BB61BD9539D00432562 /* Products */,
			);
			sourceTree = "<group>";
		};
		F2CB0BB61BD9539D00432562 /* Products */ = {
			isa = PBXGroup;
			children = (
				F2CB0BB51BD9539D00432562 /* SignatureApp.app */,
				F2CB0BCE1BD9539D00432562 /* SignatureAppTests.xctest */,
			);
			name = Products;
			sourceTree = "<group>";
		};
		F2CB0BB71BD9539D00432562 /* SignatureApp */ = {
			isa = PBXGroup;
			children = (
				F2CB0BBB1BD9539D00432562 /* AppDelegate.h */,
				F2CB0BBC1BD9539D00432562 /* AppDelegate.m */,
				F2CB0BBE1BD9539D00432562 /* ViewController.h */,
				F2CB0BBF1BD9539D00432562 /* ViewController.m */,
				F2BD65A81BDA2B9200D189F3 /* blackLine.png */,
				F2CB0BC11BD9539D00432562 /* Main.storyboard */,
				F2CB0BC41BD9539D00432562 /* Assets.xcassets */,
				F2CB0BC61BD9539D00432562 /* LaunchScreen.storyboard */,
				F2CB0BC91BD9539D00432562 /* Info.plist */,
				F2CB0BB81BD9539D00432562 /* Supporting Files */,
			);
			path = SignatureApp;
			sourceTree = "<group>";
		};
		F2CB0BB81BD9539D00432562 /* Supporting Files */ = {
			isa = PBXGroup;
			children = (
				F2CB0BB91BD9539D00432562 /* main.m */,
			);
			name = "Supporting Files";
			sourceTree = "<group>";
		};
		F2CB0BD11BD9539D00432562 /* SignatureAppTests */ = {
			isa = PBXGroup;
			children = (
				F2CB0BD21BD9539D00432562 /* SignatureAppTests.m */,
				F2CB0BD41BD9539D00432562 /* Info.plist */,
			);
			path = SignatureAppTests;
			sourceTree = "<group>";
		};
		F2CB0BE31BD9547A00432562 /* Frameworks */ = {
			isa = PBXGroup;
			children = (
				F2CB0BE11BD9545900432562 /* CoreGraphics.framework */,
				F2CB0BDF1BD9544F00432562 /* Foundation.framework */,
				F2CB0BDD1BD9544700432562 /* UIKit.framework */,
			);
			name = Frameworks;
			sourceTree = "<group>";
		};
/* End PBXGroup section */

/* Begin PBXNativeTarget section */
		F2CB0BB41BD9539D00432562 /* SignatureApp */ = {
			isa = PBXNativeTarget;
			buildConfigurationList = F2CB0BD71BD9539D00432562 /* Build configuration list for PBXNativeTarget "SignatureApp" */;
			buildPhases = (
				F2CB0BB11BD9539D00432562 /* Sources */,
				F2CB0BB21BD9539D00432562 /* Frameworks */,
				F2CB0BB31BD9539D00432562 /* Resources */,
			);
			buildRules = (
			);
			dependencies = (
			);
			name = SignatureApp;
			productName = SignatureApp;
			productReference = F2CB0BB51BD9539D00432562 /* SignatureApp.app */;
			productType = "com.apple.product-type.application";
		};
		F2CB0BCD1BD9539D00432562 /* SignatureAppTests */ = {
			isa = PBXNativeTarget;
			buildConfigurationList = F2CB0BDA1BD9539D00432562 /* Build configuration list for PBXNativeTarget "SignatureAppTests" */;
			buildPhases = (
				F2CB0BCA1BD9539D00432562 /* Sources */,
				F2CB0BCB1BD9539D00432562 /* Frameworks */,
				F2CB0BCC1BD9539D00432562 /* Resources */,
			);
			buildRules = (
			);
			dependencies = (
				F2CB0BD01BD9539D00432562 /* PBXTargetDependency */,
			);
			name = SignatureAppTests;
			productName = SignatureAppTests;
			productReference = F2CB0BCE1BD9539D00432562 /* SignatureAppTests.xctest */;
			productType = "com.apple.product-type.bundle.unit-test";
		};
/* End PBXNativeTarget section */

/* Begin PBXProject section */
		F2CB0BAD1BD9539C00432562 /* Project object */ = {
			isa = PBXProject;
			attributes = {
				LastUpgradeCheck = 0700;
				ORGANIZATIONNAME = Wahoo;
				TargetAttributes = {
					F2CB0BB41BD9539D00432562 = {
						CreatedOnToolsVersion = 7.0.1;
					};
					F2CB0BCD1BD9539D00432562 = {
						CreatedOnToolsVersion = 7.0.1;
						TestTargetID = F2CB0BB41BD9539D00432562;
					};
				};
			};
			buildConfigurationList = F2CB0BB01BD9539C00432562 /* Build configuration list for PBXProject "SignatureApp" */;
			compatibilityVersion = "Xcode 3.2";
			developmentRegion = English;
			hasScannedForEncodings = 0;
			knownRegions = (
				en,
				Base,
			);
			mainGroup = F2CB0BAC1BD9539C00432562;
			productRefGroup = F2CB0BB61BD9539D00432562 /* Products */;
			projectDirPath = "";
			projectRoot = "";
			targets = (
				F2CB0BB41BD9539D00432562 /* SignatureApp */,
				F2CB0BCD1BD9539D00432562 /* SignatureAppTests */,
			);
		};
/* End PBXProject section */

/* Begin PBXResourcesBuildPhase section */
		F2CB0BB31BD9539D00432562 /* Resources */ = {
			isa = PBXResourcesBuildPhase;
			buildActionMask = 2147483647;
			files = (
				F2CB0BC81BD9539D00432562 /* LaunchScreen.storyboard in Resources */,
				F2BD65A91BDA2B9200D189F3 /* blackLine.png in Resources */,
				F2CB0BC51BD9539D00432562 /* Assets.xcassets in Resources */,
				F2CB0BC31BD9539D00432562 /* Main.storyboard in Resources */,
			);
			runOnlyForDeploymentPostprocessing = 0;
		};
		F2CB0BCC1BD9539D00432562 /* Resources */ = {
			isa = PBXResourcesBuildPhase;
			buildActionMask = 2147483647;
			files = (
			);
			runOnlyForDeploymentPostprocessing = 0;
		};
/* End PBXResourcesBuildPhase section */

/* Begin PBXSourcesBuildPhase section */
		F2CB0BB11BD9539D00432562 /* Sources */ = {
			isa = PBXSourcesBuildPhase;
			buildActionMask = 2147483647;
			files = (
				F2CB0BC01BD9539D00432562 /* ViewController.m in Sources */,
				F2CB0BBD1BD9539D00432562 /* AppDelegate.m in Sources */,
				F2CB0BBA1BD9539D00432562 /* main.m in Sources */,
			);
			runOnlyForDeploymentPostprocessing = 0;
		};
		F2CB0BCA1BD9539D00432562 /* Sources */ = {
			isa = PBXSourcesBuildPhase;
			buildActionMask = 2147483647;
			files = (
				F2CB0BD31BD9539D00432562 /* SignatureAppTests.m in Sources */,
			);
			runOnlyForDeploymentPostprocessing = 0;
		};
/* End PBXSourcesBuildPhase section */

/* Begin PBXTargetDependency section */
		F2CB0BD01BD9539D00432562 /* PBXTargetDependency */ = {
			isa = PBXTargetDependency;
			target = F2CB0BB41BD9539D00432562 /* SignatureApp */;
			targetProxy = F2CB0BCF1BD9539D00432562 /* PBXContainerItemProxy */;
		};
/* End PBXTargetDependency section */

/* Begin PBXVariantGroup section */
		F2CB0BC11BD9539D00432562 /* Main.storyboard */ = {
			isa = PBXVariantGroup;
			children = (
				F2CB0BC21BD9539D00432562 /* Base */,
			);
			name = Main.storyboard;
			sourceTree = "<group>";
		};
		F2CB0BC61BD9539D00432562 /* LaunchScreen.storyboard */ = {
			isa = PBXVariantGroup;
			children = (
				F2CB0BC71BD9539D00432562 /* Base */,
			);
			name = LaunchScreen.storyboard;
			sourceTree = "<group>";
		};
/* End PBXVariantGroup section */

/* Begin XCBuildConfiguration section */
		F2CB0BD51BD9539D00432562 /* Debug */ = {
			isa = XCBuildConfiguration;
			buildSettings = {
				ALWAYS_SEARCH_USER_PATHS = NO;
				CLANG_CXX_LANGUAGE_STANDARD = "gnu++0x";
				CLANG_CXX_LIBRARY = "libc++";
				CLANG_ENABLE_MODULES = YES;
				CLANG_ENABLE_OBJC_ARC = YES;
				CLANG_WARN_BOOL_CONVERSION = YES;
				CLANG_WARN_CONSTANT_CONVERSION = YES;
				CLANG_WARN_DIRECT_OBJC_ISA_USAGE = YES_ERROR;
				CLANG_WARN_EMPTY_BODY = YES;
				CLANG_WARN_ENUM_CONVERSION = YES;
				CLANG_WARN_INT_CONVERSION = YES;
				CLANG_WARN_OBJC_ROOT_CLASS = YES_ERROR;
				CLANG_WARN_UNREACHABLE_CODE = YES;
				CLANG_WARN__DUPLICATE_METHOD_MATCH = YES;
				"CODE_SIGN_IDENTITY[sdk=iphoneos*]" = "iPhone Developer";
				COPY_PHASE_STRIP = NO;
				DEBUG_INFORMATION_FORMAT = dwarf;
				ENABLE_STRICT_OBJC_MSGSEND = YES;
				ENABLE_TESTABILITY = YES;
				GCC_C_LANGUAGE_STANDARD = gnu99;
				GCC_DYNAMIC_NO_PIC = NO;
				GCC_NO_COMMON_BLOCKS = YES;
				GCC_OPTIMIZATION_LEVEL = 0;
				GCC_PREPROCESSOR_DEFINITIONS = (
					"DEBUG=1",
					"$(inherited)",
				);
				GCC_WARN_64_TO_32_BIT_CONVERSION = YES;
				GCC_WARN_ABOUT_RETURN_TYPE = YES_ERROR;
				GCC_WARN_UNDECLARED_SELECTOR = YES;
				GCC_WARN_UNINITIALIZED_AUTOS = YES_AGGRESSIVE;
				GCC_WARN_UNUSED_FUNCTION = YES;
				GCC_WARN_UNUSED_VARIABLE = YES;
				IPHONEOS_DEPLOYMENT_TARGET = 9.0;
				MTL_ENABLE_DEBUG_INFO = YES;
				ONLY_ACTIVE_ARCH = YES;
				SDKROOT = iphoneos;
			};
			name = Debug;
		};
		F2CB0BD61BD9539D00432562 /* Release */ = {
			isa = XCBuildConfiguration;
			buildSettings = {
				ALWAYS_SEARCH_USER_PATHS = NO;
				CLANG_CXX_LANGUAGE_STANDARD = "gnu++0x";
				CLANG_CXX_LIBRARY = "libc++";
				CLANG_ENABLE_MODULES = YES;
				CLANG_ENABLE_OBJC_ARC = YES;
				CLANG_WARN_BOOL_CONVERSION = YES;
				CLANG_WARN_CONSTANT_CONVERSION = YES;
				CLANG_WARN_DIRECT_OBJC_ISA_USAGE = YES_ERROR;
				CLANG_WARN_EMPTY_BODY = YES;
				CLANG_WARN_ENUM_CONVERSION = YES;
				CLANG_WARN_INT_CONVERSION = YES;
				CLANG_WARN_OBJC_ROOT_CLASS = YES_ERROR;
				CLANG_WARN_UNREACHABLE_CODE = YES;
				CLANG_WARN__DUPLICATE_METHOD_MATCH = YES;
				"CODE_SIGN_IDENTITY[sdk=iphoneos*]" = "iPhone Developer";
				COPY_PHASE_STRIP = NO;
				DEBUG_INFORMATION_FORMAT = "dwarf-with-dsym";
				ENABLE_NS_ASSERTIONS = NO;
				ENABLE_STRICT_OBJC_MSGSEND = YES;
				GCC_C_LANGUAGE_STANDARD = gnu99;
				GCC_NO_COMMON_BLOCKS = YES;
				GCC_WARN_64_TO_32_BIT_CONVERSION = YES;
				GCC_WARN_ABOUT_RETURN_TYPE = YES_ERROR;
				GCC_WARN_UNDECLARED_SELECTOR = YES;
				GCC_WARN_UNINITIALIZED_AUTOS = YES_AGGRESSIVE;
				GCC_WARN_UNUSED_FUNCTION = YES;
				GCC_WARN_UNUSED_VARIABLE = YES;
				IPHONEOS_DEPLOYMENT_TARGET = 9.0;
				MTL_ENABLE_DEBUG_INFO = NO;
				SDKROOT = iphoneos;
				VALIDATE_PRODUCT = YES;
			};
			name = Release;
		};
		F2CB0BD81BD9539D00432562 /* Debug */ = {
			isa = XCBuildConfiguration;
			buildSettings = {
				ASSETCATALOG_COMPILER_APPICON_NAME = AppIcon;
				INFOPLIST_FILE = SignatureApp/Info.plist;
				LD_RUNPATH_SEARCH_PATHS = "$(inherited) @executable_path/Frameworks";
				PRODUCT_BUNDLE_IDENTIFIER = Wahoo.SignatureApp;
				PRODUCT_NAME = "$(TARGET_NAME)";
				TARGETED_DEVICE_FAMILY = "1,2";
			};
			name = Debug;
		};
		F2CB0BD91BD9539D00432562 /* Release */ = {
			isa = XCBuildConfiguration;
			buildSettings = {
				ASSETCATALOG_COMPILER_APPICON_NAME = AppIcon;
				INFOPLIST_FILE = SignatureApp/Info.plist;
				LD_RUNPATH_SEARCH_PATHS = "$(inherited) @executable_path/Frameworks";
				PRODUCT_BUNDLE_IDENTIFIER = Wahoo.SignatureApp;
				PRODUCT_NAME = "$(TARGET_NAME)";
				TARGETED_DEVICE_FAMILY = "1,2";
			};
			name = Release;
		};
		F2CB0BDB1BD9539D00432562 /* Debug */ = {
			isa = XCBuildConfiguration;
			buildSettings = {
				BUNDLE_LOADER = "$(TEST_HOST)";
				INFOPLIST_FILE = SignatureAppTests/Info.plist;
				LD_RUNPATH_SEARCH_PATHS = "$(inherited) @executable_path/Frameworks @loader_path/Frameworks";
				PRODUCT_BUNDLE_IDENTIFIER = Wahoo.SignatureAppTests;
				PRODUCT_NAME = "$(TARGET_NAME)";
				TEST_HOST = "$(BUILT_PRODUCTS_DIR)/SignatureApp.app/SignatureApp";
			};
			name = Debug;
		};
		F2CB0BDC1BD9539D00432562 /* Release */ = {
			isa = XCBuildConfiguration;
			buildSettings = {
				BUNDLE_LOADER = "$(TEST_HOST)";
				INFOPLIST_FILE = SignatureAppTests/Info.plist;
				LD_RUNPATH_SEARCH_PATHS = "$(inherited) @executable_path/Frameworks @loader_path/Frameworks";
				PRODUCT_BUNDLE_IDENTIFIER = Wahoo.SignatureAppTests;
				PRODUCT_NAME = "$(TARGET_NAME)";
				TEST_HOST = "$(BUILT_PRODUCTS_DIR)/SignatureApp.app/SignatureApp";
			};
			name = Release;
		};
/* End XCBuildConfiguration section */

/* Begin XCConfigurationList section */
		F2CB0BB01BD9539C00432562 /* Build configuration list for PBXProject "SignatureApp" */ = {
			isa = XCConfigurationList;
			buildConfigurations = (
				F2CB0BD51BD9539D00432562 /* Debug */,
				F2CB0BD61BD9539D00432562 /* Release */,
			);
			defaultConfigurationIsVisible = 0;
			defaultConfigurationName = Release;
		};
		F2CB0BD71BD9539D00432562 /* Build configuration list for PBXNativeTarget "SignatureApp" */ = {
			isa = XCConfigurationList;
			buildConfigurations = (
				F2CB0BD81BD9539D00432562 /* Debug */,
				F2CB0BD91BD9539D00432562 /* Release */,
			);
			defaultConfigurationIsVisible = 0;
			defaultConfigurationName = Release;
		};
		F2CB0BDA1BD9539D00432562 /* Build configuration list for PBXNativeTarget "SignatureAppTests" */ = {
			isa = XCConfigurationList;
			buildConfigurations = (
				F2CB0BDB1BD9539D00432562 /* Debug */,
				F2CB0BDC1BD9539D00432562 /* Release */,
			);
			defaultConfigurationIsVisible = 0;
			defaultConfigurationName = Release;
		};
/* End XCConfigurationList section */
	};
	rootObject = F2CB0BAD1BD9539C00432562 /* Project object */;
}
